// !$*UTF8*$!
{
	archiveVersion = 1;
	classes = {
	};
	objectVersion = 46;
	objects = {

/* Begin PBXBuildFile section */
		56431AEB18F3CA5B00967812 /* GLKit.framework in Frameworks */ = {isa = PBXBuildFile; fileRef = 56431AEA18F3CA5B00967812 /* GLKit.framework */; };
		5652783718F0AF7400965646 /* FFTHelper.mm in Sources */ = {isa = PBXBuildFile; fileRef = 5652783618F0AF7400965646 /* FFTHelper.mm */; };
		5652785718F189DF00965646 /* MediaPlayer.framework in Frameworks */ = {isa = PBXBuildFile; fileRef = 5652784918F0B42300965646 /* MediaPlayer.framework */; };
		5652789518F3CA3500965646 /* AudioToolbox.framework in Frameworks */ = {isa = PBXBuildFile; fileRef = 56DF3A2918F084F80031061B /* AudioToolbox.framework */; };
		5657AE4718FC85A700C735D5 /* CoreGraphics.framework in Frameworks */ = {isa = PBXBuildFile; fileRef = 5657AE4618FC85A700C735D5 /* CoreGraphics.framework */; };
		568B337C18FCBCFA00DACC3D /* SingModel.m in Sources */ = {isa = PBXBuildFile; fileRef = 568B337B18FCBCFA00DACC3D /* SingModel.m */; };
		568B338218FCC22C00DACC3D /* EZAudioPlotGL+PlotWithFreq.mm in Sources */ = {isa = PBXBuildFile; fileRef = 568B338118FCC22C00DACC3D /* EZAudioPlotGL+PlotWithFreq.mm */; };
		568B338318FCD17E00DACC3D /* Accelerate.framework in Frameworks */ = {isa = PBXBuildFile; fileRef = 5652784B18F0B63400965646 /* Accelerate.framework */; };
		568E0B5C192A94FC00941023 /* LyricsViewController.m in Sources */ = {isa = PBXBuildFile; fileRef = 568E0B5B192A94FC00941023 /* LyricsViewController.m */; };
		568E0B5F192AA8F900941023 /* SyncViewController.m in Sources */ = {isa = PBXBuildFile; fileRef = 568E0B5E192AA8F900941023 /* SyncViewController.m */; };
		56C9A10218FC83900061B1FA /* AEFloatConverter.m in Sources */ = {isa = PBXBuildFile; fileRef = 56C9A0E718FC83900061B1FA /* AEFloatConverter.m */; };
		56C9A10318FC83900061B1FA /* EZAudio.m in Sources */ = {isa = PBXBuildFile; fileRef = 56C9A0E918FC83900061B1FA /* EZAudio.m */; };
		56C9A10418FC83900061B1FA /* EZAudioFile.m in Sources */ = {isa = PBXBuildFile; fileRef = 56C9A0EB18FC83900061B1FA /* EZAudioFile.m */; };
		56C9A10518FC83900061B1FA /* EZAudioPlayer.m in Sources */ = {isa = PBXBuildFile; fileRef = 56C9A0ED18FC83900061B1FA /* EZAudioPlayer.m */; };
		56C9A10618FC83900061B1FA /* EZAudioPlot.m in Sources */ = {isa = PBXBuildFile; fileRef = 56C9A0EF18FC83900061B1FA /* EZAudioPlot.m */; };
		56C9A10718FC83900061B1FA /* EZAudioPlotGL.m in Sources */ = {isa = PBXBuildFile; fileRef = 56C9A0F118FC83900061B1FA /* EZAudioPlotGL.m */; };
		56C9A10818FC83900061B1FA /* EZAudioPlotGLKViewController.m in Sources */ = {isa = PBXBuildFile; fileRef = 56C9A0F318FC83900061B1FA /* EZAudioPlotGLKViewController.m */; };
		56C9A10918FC83900061B1FA /* EZMicrophone.m in Sources */ = {isa = PBXBuildFile; fileRef = 56C9A0F518FC83900061B1FA /* EZMicrophone.m */; };
		56C9A10A18FC83900061B1FA /* EZOutput.m in Sources */ = {isa = PBXBuildFile; fileRef = 56C9A0F718FC83900061B1FA /* EZOutput.m */; };
		56C9A10B18FC83900061B1FA /* EZPlot.m in Sources */ = {isa = PBXBuildFile; fileRef = 56C9A0F918FC83900061B1FA /* EZPlot.m */; };
		56C9A10C18FC83900061B1FA /* EZRecorder.m in Sources */ = {isa = PBXBuildFile; fileRef = 56C9A0FB18FC83900061B1FA /* EZRecorder.m */; };
		56C9A10D18FC83900061B1FA /* TPCircularBuffer.c in Sources */ = {isa = PBXBuildFile; fileRef = 56C9A0FC18FC83900061B1FA /* TPCircularBuffer.c */; };
		56C9A10E18FC83900061B1FA /* CHANGELOG in Resources */ = {isa = PBXBuildFile; fileRef = 56C9A0FF18FC83900061B1FA /* CHANGELOG */; };
		56C9A10F18FC83900061B1FA /* LICENSE in Resources */ = {isa = PBXBuildFile; fileRef = 56C9A10018FC83900061B1FA /* LICENSE */; };
		56C9A11018FC83900061B1FA /* VERSION in Resources */ = {isa = PBXBuildFile; fileRef = 56C9A10118FC83900061B1FA /* VERSION */; };
		56DF39F318F06FB90031061B /* Foundation.framework in Frameworks */ = {isa = PBXBuildFile; fileRef = 56DF39F218F06FB90031061B /* Foundation.framework */; };
		56DF39F718F06FB90031061B /* UIKit.framework in Frameworks */ = {isa = PBXBuildFile; fileRef = 56DF39F618F06FB90031061B /* UIKit.framework */; };
		56DF39FD18F06FB90031061B /* InfoPlist.strings in Resources */ = {isa = PBXBuildFile; fileRef = 56DF39FB18F06FB90031061B /* InfoPlist.strings */; };
		56DF39FF18F06FB90031061B /* main.m in Sources */ = {isa = PBXBuildFile; fileRef = 56DF39FE18F06FB90031061B /* main.m */; };
		56DF3A0318F06FB90031061B /* AppDelegate.mm in Sources */ = {isa = PBXBuildFile; fileRef = 56DF3A0218F06FB90031061B /* AppDelegate.mm */; };
		56DF3A0618F06FB90031061B /* Main.storyboard in Resources */ = {isa = PBXBuildFile; fileRef = 56DF3A0418F06FB90031061B /* Main.storyboard */; };
		56DF3A0918F06FB90031061B /* SingViewController.mm in Sources */ = {isa = PBXBuildFile; fileRef = 56DF3A0818F06FB90031061B /* SingViewController.mm */; };
		56DF3A0B18F06FB90031061B /* Images.xcassets in Resources */ = {isa = PBXBuildFile; fileRef = 56DF3A0A18F06FB90031061B /* Images.xcassets */; };
		56DF3A1318F06FBA0031061B /* Foundation.framework in Frameworks */ = {isa = PBXBuildFile; fileRef = 56DF39F218F06FB90031061B /* Foundation.framework */; };
		56DF3A1418F06FBA0031061B /* UIKit.framework in Frameworks */ = {isa = PBXBuildFile; fileRef = 56DF39F618F06FB90031061B /* UIKit.framework */; };
		56DF3A1C18F06FBA0031061B /* InfoPlist.strings in Resources */ = {isa = PBXBuildFile; fileRef = 56DF3A1A18F06FBA0031061B /* InfoPlist.strings */; };
		56DF3A1E18F06FBA0031061B /* SingWithMeTests.m in Sources */ = {isa = PBXBuildFile; fileRef = 56DF3A1D18F06FBA0031061B /* SingWithMeTests.m */; };
		56DF3A2818F070260031061B /* AVFoundation.framework in Frameworks */ = {isa = PBXBuildFile; fileRef = 56DF3A2718F070260031061B /* AVFoundation.framework */; };
		56ED3C1818FE2A67008EFB12 /* EZAudioFile+AudioWithoutVocals.m in Sources */ = {isa = PBXBuildFile; fileRef = 56ED3C1718FE2A67008EFB12 /* EZAudioFile+AudioWithoutVocals.m */; };
/* End PBXBuildFile section */

/* Begin PBXContainerItemProxy section */
		56DF3A1518F06FBA0031061B /* PBXContainerItemProxy */ = {
			isa = PBXContainerItemProxy;
			containerPortal = 56DF39E718F06FB90031061B /* Project object */;
			proxyType = 1;
			remoteGlobalIDString = 56DF39EE18F06FB90031061B;
			remoteInfo = SingWithMe;
		};
/* End PBXContainerItemProxy section */

/* Begin PBXFileReference section */
		56431AEA18F3CA5B00967812 /* GLKit.framework */ = {isa = PBXFileReference; lastKnownFileType = wrapper.framework; name = GLKit.framework; path = System/Library/Frameworks/GLKit.framework; sourceTree = SDKROOT; };
		5652783518F0AF7400965646 /* FFTHelper.h */ = {isa = PBXFileReference; fileEncoding = 4; lastKnownFileType = sourcecode.c.h; path = FFTHelper.h; sourceTree = "<group>"; };
		5652783618F0AF7400965646 /* FFTHelper.mm */ = {isa = PBXFileReference; fileEncoding = 4; lastKnownFileType = sourcecode.cpp.objcpp; path = FFTHelper.mm; sourceTree = "<group>"; };
		5652784918F0B42300965646 /* MediaPlayer.framework */ = {isa = PBXFileReference; lastKnownFileType = wrapper.framework; name = MediaPlayer.framework; path = System/Library/Frameworks/MediaPlayer.framework; sourceTree = SDKROOT; };
		5652784B18F0B63400965646 /* Accelerate.framework */ = {isa = PBXFileReference; lastKnownFileType = wrapper.framework; name = Accelerate.framework; path = System/Library/Frameworks/Accelerate.framework; sourceTree = SDKROOT; };
		5657AE4618FC85A700C735D5 /* CoreGraphics.framework */ = {isa = PBXFileReference; lastKnownFileType = wrapper.framework; name = CoreGraphics.framework; path = System/Library/Frameworks/CoreGraphics.framework; sourceTree = SDKROOT; };
		568B337A18FCBCFA00DACC3D /* SingModel.h */ = {isa = PBXFileReference; fileEncoding = 4; lastKnownFileType = sourcecode.c.h; path = SingModel.h; sourceTree = "<group>"; };
		568B337B18FCBCFA00DACC3D /* SingModel.m */ = {isa = PBXFileReference; fileEncoding = 4; lastKnownFileType = sourcecode.c.objc; path = SingModel.m; sourceTree = "<group>"; };
		568B338018FCC22C00DACC3D /* EZAudioPlotGL+PlotWithFreq.h */ = {isa = PBXFileReference; fileEncoding = 4; lastKnownFileType = sourcecode.c.h; path = "EZAudioPlotGL+PlotWithFreq.h"; sourceTree = "<group>"; };
		568B338118FCC22C00DACC3D /* EZAudioPlotGL+PlotWithFreq.mm */ = {isa = PBXFileReference; fileEncoding = 4; lastKnownFileType = sourcecode.cpp.objcpp; path = "EZAudioPlotGL+PlotWithFreq.mm"; sourceTree = "<group>"; };
		568E0B5A192A94FC00941023 /* LyricsViewController.h */ = {isa = PBXFileReference; fileEncoding = 4; lastKnownFileType = sourcecode.c.h; path = LyricsViewController.h; sourceTree = "<group>"; };
		568E0B5B192A94FC00941023 /* LyricsViewController.m */ = {isa = PBXFileReference; fileEncoding = 4; lastKnownFileType = sourcecode.c.objc; path = LyricsViewController.m; sourceTree = "<group>"; };
		568E0B5D192AA8F900941023 /* SyncViewController.h */ = {isa = PBXFileReference; fileEncoding = 4; lastKnownFileType = sourcecode.c.h; path = SyncViewController.h; sourceTree = "<group>"; };
		568E0B5E192AA8F900941023 /* SyncViewController.m */ = {isa = PBXFileReference; fileEncoding = 4; lastKnownFileType = sourcecode.c.objc; path = SyncViewController.m; sourceTree = "<group>"; };
		56C9A0E618FC83900061B1FA /* AEFloatConverter.h */ = {isa = PBXFileReference; fileEncoding = 4; lastKnownFileType = sourcecode.c.h; path = AEFloatConverter.h; sourceTree = "<group>"; };
		56C9A0E718FC83900061B1FA /* AEFloatConverter.m */ = {isa = PBXFileReference; fileEncoding = 4; lastKnownFileType = sourcecode.c.objc; path = AEFloatConverter.m; sourceTree = "<group>"; };
		56C9A0E818FC83900061B1FA /* EZAudio.h */ = {isa = PBXFileReference; fileEncoding = 4; lastKnownFileType = sourcecode.c.h; path = EZAudio.h; sourceTree = "<group>"; };
		56C9A0E918FC83900061B1FA /* EZAudio.m */ = {isa = PBXFileReference; fileEncoding = 4; lastKnownFileType = sourcecode.c.objc; path = EZAudio.m; sourceTree = "<group>"; };
		56C9A0EA18FC83900061B1FA /* EZAudioFile.h */ = {isa = PBXFileReference; fileEncoding = 4; lastKnownFileType = sourcecode.c.h; path = EZAudioFile.h; sourceTree = "<group>"; };
		56C9A0EB18FC83900061B1FA /* EZAudioFile.m */ = {isa = PBXFileReference; fileEncoding = 4; lastKnownFileType = sourcecode.c.objc; path = EZAudioFile.m; sourceTree = "<group>"; };
		56C9A0EC18FC83900061B1FA /* EZAudioPlayer.h */ = {isa = PBXFileReference; fileEncoding = 4; lastKnownFileType = sourcecode.c.h; path = EZAudioPlayer.h; sourceTree = "<group>"; };
		56C9A0ED18FC83900061B1FA /* EZAudioPlayer.m */ = {isa = PBXFileReference; fileEncoding = 4; lastKnownFileType = sourcecode.c.objc; path = EZAudioPlayer.m; sourceTree = "<group>"; };
		56C9A0EE18FC83900061B1FA /* EZAudioPlot.h */ = {isa = PBXFileReference; fileEncoding = 4; lastKnownFileType = sourcecode.c.h; path = EZAudioPlot.h; sourceTree = "<group>"; };
		56C9A0EF18FC83900061B1FA /* EZAudioPlot.m */ = {isa = PBXFileReference; fileEncoding = 4; lastKnownFileType = sourcecode.c.objc; path = EZAudioPlot.m; sourceTree = "<group>"; };
		56C9A0F018FC83900061B1FA /* EZAudioPlotGL.h */ = {isa = PBXFileReference; fileEncoding = 4; lastKnownFileType = sourcecode.c.h; path = EZAudioPlotGL.h; sourceTree = "<group>"; };
		56C9A0F118FC83900061B1FA /* EZAudioPlotGL.m */ = {isa = PBXFileReference; fileEncoding = 4; lastKnownFileType = sourcecode.c.objc; path = EZAudioPlotGL.m; sourceTree = "<group>"; };
		56C9A0F218FC83900061B1FA /* EZAudioPlotGLKViewController.h */ = {isa = PBXFileReference; fileEncoding = 4; lastKnownFileType = sourcecode.c.h; path = EZAudioPlotGLKViewController.h; sourceTree = "<group>"; };
		56C9A0F318FC83900061B1FA /* EZAudioPlotGLKViewController.m */ = {isa = PBXFileReference; fileEncoding = 4; lastKnownFileType = sourcecode.c.objc; path = EZAudioPlotGLKViewController.m; sourceTree = "<group>"; };
		56C9A0F418FC83900061B1FA /* EZMicrophone.h */ = {isa = PBXFileReference; fileEncoding = 4; lastKnownFileType = sourcecode.c.h; path = EZMicrophone.h; sourceTree = "<group>"; };
		56C9A0F518FC83900061B1FA /* EZMicrophone.m */ = {isa = PBXFileReference; fileEncoding = 4; lastKnownFileType = sourcecode.c.objc; path = EZMicrophone.m; sourceTree = "<group>"; };
		56C9A0F618FC83900061B1FA /* EZOutput.h */ = {isa = PBXFileReference; fileEncoding = 4; lastKnownFileType = sourcecode.c.h; path = EZOutput.h; sourceTree = "<group>"; };
		56C9A0F718FC83900061B1FA /* EZOutput.m */ = {isa = PBXFileReference; fileEncoding = 4; lastKnownFileType = sourcecode.c.objc; path = EZOutput.m; sourceTree = "<group>"; };
		56C9A0F818FC83900061B1FA /* EZPlot.h */ = {isa = PBXFileReference; fileEncoding = 4; lastKnownFileType = sourcecode.c.h; path = EZPlot.h; sourceTree = "<group>"; };
		56C9A0F918FC83900061B1FA /* EZPlot.m */ = {isa = PBXFileReference; fileEncoding = 4; lastKnownFileType = sourcecode.c.objc; path = EZPlot.m; sourceTree = "<group>"; };
		56C9A0FA18FC83900061B1FA /* EZRecorder.h */ = {isa = PBXFileReference; fileEncoding = 4; lastKnownFileType = sourcecode.c.h; path = EZRecorder.h; sourceTree = "<group>"; };
		56C9A0FB18FC83900061B1FA /* EZRecorder.m */ = {isa = PBXFileReference; fileEncoding = 4; lastKnownFileType = sourcecode.c.objc; path = EZRecorder.m; sourceTree = "<group>"; };
		56C9A0FC18FC83900061B1FA /* TPCircularBuffer.c */ = {isa = PBXFileReference; fileEncoding = 4; lastKnownFileType = sourcecode.c.c; path = TPCircularBuffer.c; sourceTree = "<group>"; };
		56C9A0FD18FC83900061B1FA /* TPCircularBuffer.h */ = {isa = PBXFileReference; fileEncoding = 4; lastKnownFileType = sourcecode.c.h; path = TPCircularBuffer.h; sourceTree = "<group>"; };
		56C9A0FF18FC83900061B1FA /* CHANGELOG */ = {isa = PBXFileReference; fileEncoding = 4; lastKnownFileType = text; path = CHANGELOG; sourceTree = "<group>"; };
		56C9A10018FC83900061B1FA /* LICENSE */ = {isa = PBXFileReference; fileEncoding = 4; lastKnownFileType = text; path = LICENSE; sourceTree = "<group>"; };
		56C9A10118FC83900061B1FA /* VERSION */ = {isa = PBXFileReference; fileEncoding = 4; lastKnownFileType = text; path = VERSION; sourceTree = "<group>"; };
		56DF39EF18F06FB90031061B /* SingWithMe.app */ = {isa = PBXFileReference; explicitFileType = wrapper.application; includeInIndex = 0; path = SingWithMe.app; sourceTree = BUILT_PRODUCTS_DIR; };
		56DF39F218F06FB90031061B /* Foundation.framework */ = {isa = PBXFileReference; lastKnownFileType = wrapper.framework; name = Foundation.framework; path = System/Library/Frameworks/Foundation.framework; sourceTree = SDKROOT; };
		56DF39F618F06FB90031061B /* UIKit.framework */ = {isa = PBXFileReference; lastKnownFileType = wrapper.framework; name = UIKit.framework; path = System/Library/Frameworks/UIKit.framework; sourceTree = SDKROOT; };
		56DF39FA18F06FB90031061B /* SingWithMe-Info.plist */ = {isa = PBXFileReference; lastKnownFileType = text.plist.xml; path = "SingWithMe-Info.plist"; sourceTree = "<group>"; };
		56DF39FC18F06FB90031061B /* en */ = {isa = PBXFileReference; lastKnownFileType = text.plist.strings; name = en; path = en.lproj/InfoPlist.strings; sourceTree = "<group>"; };
		56DF39FE18F06FB90031061B /* main.m */ = {isa = PBXFileReference; lastKnownFileType = sourcecode.c.objc; path = main.m; sourceTree = "<group>"; };
		56DF3A0018F06FB90031061B /* SingWithMe-Prefix.pch */ = {isa = PBXFileReference; lastKnownFileType = sourcecode.c.h; path = "SingWithMe-Prefix.pch"; sourceTree = "<group>"; };
		56DF3A0118F06FB90031061B /* AppDelegate.h */ = {isa = PBXFileReference; lastKnownFileType = sourcecode.c.h; path = AppDelegate.h; sourceTree = "<group>"; };
		56DF3A0218F06FB90031061B /* AppDelegate.mm */ = {isa = PBXFileReference; lastKnownFileType = sourcecode.cpp.objcpp; path = AppDelegate.mm; sourceTree = "<group>"; };
		56DF3A0518F06FB90031061B /* Base */ = {isa = PBXFileReference; lastKnownFileType = file.storyboard; name = Base; path = Base.lproj/Main.storyboard; sourceTree = "<group>"; };
		56DF3A0718F06FB90031061B /* SingViewController.h */ = {isa = PBXFileReference; lastKnownFileType = sourcecode.c.h; path = SingViewController.h; sourceTree = "<group>"; };
		56DF3A0818F06FB90031061B /* SingViewController.mm */ = {isa = PBXFileReference; lastKnownFileType = sourcecode.cpp.objcpp; path = SingViewController.mm; sourceTree = "<group>"; };
		56DF3A0A18F06FB90031061B /* Images.xcassets */ = {isa = PBXFileReference; lastKnownFileType = folder.assetcatalog; path = Images.xcassets; sourceTree = "<group>"; };
		56DF3A1018F06FBA0031061B /* SingWithMeTests.xctest */ = {isa = PBXFileReference; explicitFileType = wrapper.cfbundle; includeInIndex = 0; path = SingWithMeTests.xctest; sourceTree = BUILT_PRODUCTS_DIR; };
		56DF3A1918F06FBA0031061B /* SingWithMeTests-Info.plist */ = {isa = PBXFileReference; lastKnownFileType = text.plist.xml; path = "SingWithMeTests-Info.plist"; sourceTree = "<group>"; };
		56DF3A1B18F06FBA0031061B /* en */ = {isa = PBXFileReference; lastKnownFileType = text.plist.strings; name = en; path = en.lproj/InfoPlist.strings; sourceTree = "<group>"; };
		56DF3A1D18F06FBA0031061B /* SingWithMeTests.m */ = {isa = PBXFileReference; lastKnownFileType = sourcecode.c.objc; path = SingWithMeTests.m; sourceTree = "<group>"; };
		56DF3A2718F070260031061B /* AVFoundation.framework */ = {isa = PBXFileReference; lastKnownFileType = wrapper.framework; name = AVFoundation.framework; path = System/Library/Frameworks/AVFoundation.framework; sourceTree = SDKROOT; };
		56DF3A2918F084F80031061B /* AudioToolbox.framework */ = {isa = PBXFileReference; lastKnownFileType = wrapper.framework; name = AudioToolbox.framework; path = System/Library/Frameworks/AudioToolbox.framework; sourceTree = SDKROOT; };
		56ED3C1618FE2A67008EFB12 /* EZAudioFile+AudioWithoutVocals.h */ = {isa = PBXFileReference; fileEncoding = 4; lastKnownFileType = sourcecode.c.h; path = "EZAudioFile+AudioWithoutVocals.h"; sourceTree = "<group>"; };
		56ED3C1718FE2A67008EFB12 /* EZAudioFile+AudioWithoutVocals.m */ = {isa = PBXFileReference; fileEncoding = 4; lastKnownFileType = sourcecode.c.objc; path = "EZAudioFile+AudioWithoutVocals.m"; sourceTree = "<group>"; };
/* End PBXFileReference section */

/* Begin PBXFrameworksBuildPhase section */
		56DF39EC18F06FB90031061B /* Frameworks */ = {
			isa = PBXFrameworksBuildPhase;
			buildActionMask = 2147483647;
			files = (
				568B338318FCD17E00DACC3D /* Accelerate.framework in Frameworks */,
				5657AE4718FC85A700C735D5 /* CoreGraphics.framework in Frameworks */,
				56DF3A2818F070260031061B /* AVFoundation.framework in Frameworks */,
				56431AEB18F3CA5B00967812 /* GLKit.framework in Frameworks */,
				5652789518F3CA3500965646 /* AudioToolbox.framework in Frameworks */,
				56DF39F718F06FB90031061B /* UIKit.framework in Frameworks */,
				56DF39F318F06FB90031061B /* Foundation.framework in Frameworks */,
				5652785718F189DF00965646 /* MediaPlayer.framework in Frameworks */,
			);
			runOnlyForDeploymentPostprocessing = 0;
		};
		56DF3A0D18F06FBA0031061B /* Frameworks */ = {
			isa = PBXFrameworksBuildPhase;
			buildActionMask = 2147483647;
			files = (
				56DF3A1418F06FBA0031061B /* UIKit.framework in Frameworks */,
				56DF3A1318F06FBA0031061B /* Foundation.framework in Frameworks */,
			);
			runOnlyForDeploymentPostprocessing = 0;
		};
/* End PBXFrameworksBuildPhase section */

/* Begin PBXGroup section */
		5652786218F3BF0C00965646 /* Internal Tools */ = {
			isa = PBXGroup;
			children = (
				5652783518F0AF7400965646 /* FFTHelper.h */,
				5652783618F0AF7400965646 /* FFTHelper.mm */,
			);
			name = "Internal Tools";
			sourceTree = "<group>";
		};
		56C9A0E518FC83900061B1FA /* EZAudio */ = {
			isa = PBXGroup;
			children = (
				56C9A0E618FC83900061B1FA /* AEFloatConverter.h */,
				56C9A0E718FC83900061B1FA /* AEFloatConverter.m */,
				56C9A0E818FC83900061B1FA /* EZAudio.h */,
				56C9A0E918FC83900061B1FA /* EZAudio.m */,
				56C9A0EA18FC83900061B1FA /* EZAudioFile.h */,
				56C9A0EB18FC83900061B1FA /* EZAudioFile.m */,
				56C9A0EC18FC83900061B1FA /* EZAudioPlayer.h */,
				56C9A0ED18FC83900061B1FA /* EZAudioPlayer.m */,
				56C9A0EE18FC83900061B1FA /* EZAudioPlot.h */,
				56C9A0EF18FC83900061B1FA /* EZAudioPlot.m */,
				56C9A0F018FC83900061B1FA /* EZAudioPlotGL.h */,
				56C9A0F118FC83900061B1FA /* EZAudioPlotGL.m */,
				56C9A0F218FC83900061B1FA /* EZAudioPlotGLKViewController.h */,
				56C9A0F318FC83900061B1FA /* EZAudioPlotGLKViewController.m */,
				56C9A0F418FC83900061B1FA /* EZMicrophone.h */,
				56C9A0F518FC83900061B1FA /* EZMicrophone.m */,
				56C9A0F618FC83900061B1FA /* EZOutput.h */,
				56C9A0F718FC83900061B1FA /* EZOutput.m */,
				56C9A0F818FC83900061B1FA /* EZPlot.h */,
				56C9A0F918FC83900061B1FA /* EZPlot.m */,
				56C9A0FA18FC83900061B1FA /* EZRecorder.h */,
				56C9A0FB18FC83900061B1FA /* EZRecorder.m */,
				56C9A0FC18FC83900061B1FA /* TPCircularBuffer.c */,
				56C9A0FD18FC83900061B1FA /* TPCircularBuffer.h */,
				56C9A0FE18FC83900061B1FA /* VERSION */,
			);
			path = EZAudio;
			sourceTree = "<group>";
		};
		56C9A0FE18FC83900061B1FA /* VERSION */ = {
			isa = PBXGroup;
			children = (
				56C9A0FF18FC83900061B1FA /* CHANGELOG */,
				56C9A10018FC83900061B1FA /* LICENSE */,
				56C9A10118FC83900061B1FA /* VERSION */,
			);
			path = VERSION;
			sourceTree = "<group>";
		};
		56DF39E618F06FB90031061B = {
			isa = PBXGroup;
			children = (
				56DF39F818F06FB90031061B /* SingWithMe */,
				56DF3A1718F06FBA0031061B /* SingWithMeTests */,
				56DF39F118F06FB90031061B /* Frameworks */,
				56DF39F018F06FB90031061B /* Products */,
			);
			sourceTree = "<group>";
		};
		56DF39F018F06FB90031061B /* Products */ = {
			isa = PBXGroup;
			children = (
				56DF39EF18F06FB90031061B /* SingWithMe.app */,
				56DF3A1018F06FBA0031061B /* SingWithMeTests.xctest */,
			);
			name = Products;
			sourceTree = "<group>";
		};
		56DF39F118F06FB90031061B /* Frameworks */ = {
			isa = PBXGroup;
			children = (
				5657AE4618FC85A700C735D5 /* CoreGraphics.framework */,
				56DF3A2718F070260031061B /* AVFoundation.framework */,
				5652784B18F0B63400965646 /* Accelerate.framework */,
				56431AEA18F3CA5B00967812 /* GLKit.framework */,
				56DF3A2918F084F80031061B /* AudioToolbox.framework */,
				5652784918F0B42300965646 /* MediaPlayer.framework */,
				56DF39F218F06FB90031061B /* Foundation.framework */,
				56DF39F618F06FB90031061B /* UIKit.framework */,
			);
			name = Frameworks;
			sourceTree = "<group>";
		};
		56DF39F818F06FB90031061B /* SingWithMe */ = {
			isa = PBXGroup;
			children = (
				56C9A0E518FC83900061B1FA /* EZAudio */,
				5652786218F3BF0C00965646 /* Internal Tools */,
				56DF3A0118F06FB90031061B /* AppDelegate.h */,
				56DF3A0218F06FB90031061B /* AppDelegate.mm */,
				568B338018FCC22C00DACC3D /* EZAudioPlotGL+PlotWithFreq.h */,
				568B338118FCC22C00DACC3D /* EZAudioPlotGL+PlotWithFreq.mm */,
				56ED3C1618FE2A67008EFB12 /* EZAudioFile+AudioWithoutVocals.h */,
				56ED3C1718FE2A67008EFB12 /* EZAudioFile+AudioWithoutVocals.m */,
				568B337A18FCBCFA00DACC3D /* SingModel.h */,
				568B337B18FCBCFA00DACC3D /* SingModel.m */,
				56DF3A0718F06FB90031061B /* SingViewController.h */,
				56DF3A0818F06FB90031061B /* SingViewController.mm */,
				568E0B5A192A94FC00941023 /* LyricsViewController.h */,
				568E0B5B192A94FC00941023 /* LyricsViewController.m */,
				56DF3A0418F06FB90031061B /* Main.storyboard */,
				568E0B5D192AA8F900941023 /* SyncViewController.h */,
				568E0B5E192AA8F900941023 /* SyncViewController.m */,
				56DF3A0A18F06FB90031061B /* Images.xcassets */,
				56DF39F918F06FB90031061B /* Supporting Files */,
			);
			path = SingWithMe;
			sourceTree = "<group>";
		};
		56DF39F918F06FB90031061B /* Supporting Files */ = {
			isa = PBXGroup;
			children = (
				56DF39FA18F06FB90031061B /* SingWithMe-Info.plist */,
				56DF39FB18F06FB90031061B /* InfoPlist.strings */,
				56DF39FE18F06FB90031061B /* main.m */,
				56DF3A0018F06FB90031061B /* SingWithMe-Prefix.pch */,
			);
			name = "Supporting Files";
			sourceTree = "<group>";
		};
		56DF3A1718F06FBA0031061B /* SingWithMeTests */ = {
			isa = PBXGroup;
			children = (
				56DF3A1D18F06FBA0031061B /* SingWithMeTests.m */,
				56DF3A1818F06FBA0031061B /* Supporting Files */,
			);
			path = SingWithMeTests;
			sourceTree = "<group>";
		};
		56DF3A1818F06FBA0031061B /* Supporting Files */ = {
			isa = PBXGroup;
			children = (
				56DF3A1918F06FBA0031061B /* SingWithMeTests-Info.plist */,
				56DF3A1A18F06FBA0031061B /* InfoPlist.strings */,
			);
			name = "Supporting Files";
			sourceTree = "<group>";
		};
/* End PBXGroup section */

/* Begin PBXNativeTarget section */
		56DF39EE18F06FB90031061B /* SingWithMe */ = {
			isa = PBXNativeTarget;
			buildConfigurationList = 56DF3A2118F06FBA0031061B /* Build configuration list for PBXNativeTarget "SingWithMe" */;
			buildPhases = (
				56DF39EB18F06FB90031061B /* Sources */,
				56DF39EC18F06FB90031061B /* Frameworks */,
				56DF39ED18F06FB90031061B /* Resources */,
			);
			buildRules = (
			);
			dependencies = (
			);
			name = SingWithMe;
			productName = SingWithMe;
			productReference = 56DF39EF18F06FB90031061B /* SingWithMe.app */;
			productType = "com.apple.product-type.application";
		};
		56DF3A0F18F06FBA0031061B /* SingWithMeTests */ = {
			isa = PBXNativeTarget;
			buildConfigurationList = 56DF3A2418F06FBA0031061B /* Build configuration list for PBXNativeTarget "SingWithMeTests" */;
			buildPhases = (
				56DF3A0C18F06FBA0031061B /* Sources */,
				56DF3A0D18F06FBA0031061B /* Frameworks */,
				56DF3A0E18F06FBA0031061B /* Resources */,
			);
			buildRules = (
			);
			dependencies = (
				56DF3A1618F06FBA0031061B /* PBXTargetDependency */,
			);
			name = SingWithMeTests;
			productName = SingWithMeTests;
			productReference = 56DF3A1018F06FBA0031061B /* SingWithMeTests.xctest */;
			productType = "com.apple.product-type.bundle.unit-test";
		};
/* End PBXNativeTarget section */

/* Begin PBXProject section */
		56DF39E718F06FB90031061B /* Project object */ = {
			isa = PBXProject;
			attributes = {
				LastUpgradeCheck = 0500;
				ORGANIZATIONNAME = EzGame;
				TargetAttributes = {
					56DF39EE18F06FB90031061B = {
						DevelopmentTeam = LV97WDH886;
					};
					56DF3A0F18F06FBA0031061B = {
						TestTargetID = 56DF39EE18F06FB90031061B;
					};
				};
			};
			buildConfigurationList = 56DF39EA18F06FB90031061B /* Build configuration list for PBXProject "SingWithMe" */;
			compatibilityVersion = "Xcode 3.2";
			developmentRegion = English;
			hasScannedForEncodings = 0;
			knownRegions = (
				en,
				Base,
			);
			mainGroup = 56DF39E618F06FB90031061B;
			productRefGroup = 56DF39F018F06FB90031061B /* Products */;
			projectDirPath = "";
			projectRoot = "";
			targets = (
				56DF39EE18F06FB90031061B /* SingWithMe */,
				56DF3A0F18F06FBA0031061B /* SingWithMeTests */,
			);
		};
/* End PBXProject section */

/* Begin PBXResourcesBuildPhase section */
		56DF39ED18F06FB90031061B /* Resources */ = {
			isa = PBXResourcesBuildPhase;
			buildActionMask = 2147483647;
			files = (
				56DF3A0B18F06FB90031061B /* Images.xcassets in Resources */,
				56C9A10E18FC83900061B1FA /* CHANGELOG in Resources */,
				56DF39FD18F06FB90031061B /* InfoPlist.strings in Resources */,
				56C9A11018FC83900061B1FA /* VERSION in Resources */,
				56DF3A0618F06FB90031061B /* Main.storyboard in Resources */,
				56C9A10F18FC83900061B1FA /* LICENSE in Resources */,
			);
			runOnlyForDeploymentPostprocessing = 0;
		};
		56DF3A0E18F06FBA0031061B /* Resources */ = {
			isa = PBXResourcesBuildPhase;
			buildActionMask = 2147483647;
			files = (
				56DF3A1C18F06FBA0031061B /* InfoPlist.strings in Resources */,
			);
			runOnlyForDeploymentPostprocessing = 0;
		};
/* End PBXResourcesBuildPhase section */

/* Begin PBXSourcesBuildPhase section */
		56DF39EB18F06FB90031061B /* Sources */ = {
			isa = PBXSourcesBuildPhase;
			buildActionMask = 2147483647;
			files = (
				568B337C18FCBCFA00DACC3D /* SingModel.m in Sources */,
				56C9A10618FC83900061B1FA /* EZAudioPlot.m in Sources */,
				568B338218FCC22C00DACC3D /* EZAudioPlotGL+PlotWithFreq.mm in Sources */,
				56C9A10518FC83900061B1FA /* EZAudioPlayer.m in Sources */,
				56C9A10218FC83900061B1FA /* AEFloatConverter.m in Sources */,
				56ED3C1818FE2A67008EFB12 /* EZAudioFile+AudioWithoutVocals.m in Sources */,
				56C9A10B18FC83900061B1FA /* EZPlot.m in Sources */,
				5652783718F0AF7400965646 /* FFTHelper.mm in Sources */,
				56C9A10818FC83900061B1FA /* EZAudioPlotGLKViewController.m in Sources */,
				56C9A10D18FC83900061B1FA /* TPCircularBuffer.c in Sources */,
				56C9A10C18FC83900061B1FA /* EZRecorder.m in Sources */,
				56C9A10418FC83900061B1FA /* EZAudioFile.m in Sources */,
				568E0B5F192AA8F900941023 /* SyncViewController.m in Sources */,
				56C9A10718FC83900061B1FA /* EZAudioPlotGL.m in Sources */,
				56DF3A0918F06FB90031061B /* SingViewController.mm in Sources */,
				56C9A10918FC83900061B1FA /* EZMicrophone.m in Sources */,
				56C9A10318FC83900061B1FA /* EZAudio.m in Sources */,
				56DF3A0318F06FB90031061B /* AppDelegate.mm in Sources */,
				56C9A10A18FC83900061B1FA /* EZOutput.m in Sources */,
				568E0B5C192A94FC00941023 /* LyricsViewController.m in Sources */,
				56DF39FF18F06FB90031061B /* main.m in Sources */,
			);
			runOnlyForDeploymentPostprocessing = 0;
		};
		56DF3A0C18F06FBA0031061B /* Sources */ = {
			isa = PBXSourcesBuildPhase;
			buildActionMask = 2147483647;
			files = (
				56DF3A1E18F06FBA0031061B /* SingWithMeTests.m in Sources */,
			);
			runOnlyForDeploymentPostprocessing = 0;
		};
/* End PBXSourcesBuildPhase section */

/* Begin PBXTargetDependency section */
		56DF3A1618F06FBA0031061B /* PBXTargetDependency */ = {
			isa = PBXTargetDependency;
			target = 56DF39EE18F06FB90031061B /* SingWithMe */;
			targetProxy = 56DF3A1518F06FBA0031061B /* PBXContainerItemProxy */;
		};
/* End PBXTargetDependency section */

/* Begin PBXVariantGroup section */
		56DF39FB18F06FB90031061B /* InfoPlist.strings */ = {
			isa = PBXVariantGroup;
			children = (
				56DF39FC18F06FB90031061B /* en */,
			);
			name = InfoPlist.strings;
			sourceTree = "<group>";
		};
		56DF3A0418F06FB90031061B /* Main.storyboard */ = {
			isa = PBXVariantGroup;
			children = (
				56DF3A0518F06FB90031061B /* Base */,
			);
			name = Main.storyboard;
			sourceTree = "<group>";
		};
		56DF3A1A18F06FBA0031061B /* InfoPlist.strings */ = {
			isa = PBXVariantGroup;
			children = (
				56DF3A1B18F06FBA0031061B /* en */,
			);
			name = InfoPlist.strings;
			sourceTree = "<group>";
		};
/* End PBXVariantGroup section */

/* Begin XCBuildConfiguration section */
		56DF3A1F18F06FBA0031061B /* Debug */ = {
			isa = XCBuildConfiguration;
			buildSettings = {
				ALWAYS_SEARCH_USER_PATHS = NO;
				ARCHS = "$(ARCHS_STANDARD_INCLUDING_64_BIT)";
				CLANG_CXX_LANGUAGE_STANDARD = "gnu++0x";
				CLANG_CXX_LIBRARY = "libc++";
				CLANG_ENABLE_MODULES = YES;
				CLANG_ENABLE_OBJC_ARC = YES;
				CLANG_WARN_BOOL_CONVERSION = YES;
				CLANG_WARN_CONSTANT_CONVERSION = YES;
				CLANG_WARN_DIRECT_OBJC_ISA_USAGE = YES_ERROR;
				CLANG_WARN_EMPTY_BODY = YES;
				CLANG_WARN_ENUM_CONVERSION = YES;
				CLANG_WARN_INT_CONVERSION = YES;
				CLANG_WARN_OBJC_ROOT_CLASS = YES_ERROR;
				CLANG_WARN__DUPLICATE_METHOD_MATCH = YES;
				"CODE_SIGN_IDENTITY[sdk=iphoneos*]" = "iPhone Developer";
				COPY_PHASE_STRIP = NO;
				GCC_C_LANGUAGE_STANDARD = gnu99;
				GCC_DYNAMIC_NO_PIC = NO;
				GCC_OPTIMIZATION_LEVEL = 0;
				GCC_PREPROCESSOR_DEFINITIONS = (
					"DEBUG=1",
					"$(inherited)",
				);
				GCC_SYMBOLS_PRIVATE_EXTERN = NO;
				GCC_WARN_64_TO_32_BIT_CONVERSION = YES;
				GCC_WARN_ABOUT_RETURN_TYPE = YES_ERROR;
				GCC_WARN_UNDECLARED_SELECTOR = YES;
				GCC_WARN_UNINITIALIZED_AUTOS = YES;
				GCC_WARN_UNUSED_FUNCTION = YES;
				GCC_WARN_UNUSED_VARIABLE = YES;
				IPHONEOS_DEPLOYMENT_TARGET = 7.0;
				ONLY_ACTIVE_ARCH = YES;
				SDKROOT = iphoneos;
			};
			name = Debug;
		};
		56DF3A2018F06FBA0031061B /* Release */ = {
			isa = XCBuildConfiguration;
			buildSettings = {
				ALWAYS_SEARCH_USER_PATHS = NO;
				ARCHS = "$(ARCHS_STANDARD_INCLUDING_64_BIT)";
				CLANG_CXX_LANGUAGE_STANDARD = "gnu++0x";
				CLANG_CXX_LIBRARY = "libc++";
				CLANG_ENABLE_MODULES = YES;
				CLANG_ENABLE_OBJC_ARC = YES;
				CLANG_WARN_BOOL_CONVERSION = YES;
				CLANG_WARN_CONSTANT_CONVERSION = YES;
				CLANG_WARN_DIRECT_OBJC_ISA_USAGE = YES_ERROR;
				CLANG_WARN_EMPTY_BODY = YES;
				CLANG_WARN_ENUM_CONVERSION = YES;
				CLANG_WARN_INT_CONVERSION = YES;
				CLANG_WARN_OBJC_ROOT_CLASS = YES_ERROR;
				CLANG_WARN__DUPLICATE_METHOD_MATCH = YES;
				"CODE_SIGN_IDENTITY[sdk=iphoneos*]" = "iPhone Developer";
				COPY_PHASE_STRIP = YES;
				ENABLE_NS_ASSERTIONS = NO;
				GCC_C_LANGUAGE_STANDARD = gnu99;
				GCC_WARN_64_TO_32_BIT_CONVERSION = YES;
				GCC_WARN_ABOUT_RETURN_TYPE = YES_ERROR;
				GCC_WARN_UNDECLARED_SELECTOR = YES;
				GCC_WARN_UNINITIALIZED_AUTOS = YES;
				GCC_WARN_UNUSED_FUNCTION = YES;
				GCC_WARN_UNUSED_VARIABLE = YES;
				IPHONEOS_DEPLOYMENT_TARGET = 7.0;
				SDKROOT = iphoneos;
				VALIDATE_PRODUCT = YES;
			};
			name = Release;
		};
		56DF3A2218F06FBA0031061B /* Debug */ = {
			isa = XCBuildConfiguration;
			buildSettings = {
				ASSETCATALOG_COMPILER_APPICON_NAME = AppIcon;
				ASSETCATALOG_COMPILER_LAUNCHIMAGE_NAME = LaunchImage;
				CODE_SIGN_IDENTITY = "iPhone Developer";
				"CODE_SIGN_IDENTITY[sdk=iphoneos*]" = "iPhone Developer";
				GCC_PRECOMPILE_PREFIX_HEADER = YES;
				GCC_PREFIX_HEADER = "SingWithMe/SingWithMe-Prefix.pch";
				INFOPLIST_FILE = "SingWithMe/SingWithMe-Info.plist";
				PRODUCT_NAME = "$(TARGET_NAME)";
				PROVISIONING_PROFILE = "";
				WRAPPER_EXTENSION = app;
			};
			name = Debug;
		};
		56DF3A2318F06FBA0031061B /* Release */ = {
			isa = XCBuildConfiguration;
			buildSettings = {
				ASSETCATALOG_COMPILER_APPICON_NAME = AppIcon;
				ASSETCATALOG_COMPILER_LAUNCHIMAGE_NAME = LaunchImage;
				CODE_SIGN_IDENTITY = "iPhone Developer";
				"CODE_SIGN_IDENTITY[sdk=iphoneos*]" = "iPhone Developer";
				GCC_PRECOMPILE_PREFIX_HEADER = YES;
				GCC_PREFIX_HEADER = "SingWithMe/SingWithMe-Prefix.pch";
				INFOPLIST_FILE = "SingWithMe/SingWithMe-Info.plist";
				PRODUCT_NAME = "$(TARGET_NAME)";
				PROVISIONING_PROFILE = "";
				WRAPPER_EXTENSION = app;
			};
			name = Release;
		};
		56DF3A2518F06FBA0031061B /* Debug */ = {
			isa = XCBuildConfiguration;
			buildSettings = {
				ARCHS = "$(ARCHS_STANDARD_INCLUDING_64_BIT)";
				BUNDLE_LOADER = "$(BUILT_PRODUCTS_DIR)/SingWithMe.app/SingWithMe";
				FRAMEWORK_SEARCH_PATHS = (
					"$(SDKROOT)/Developer/Library/Frameworks",
					"$(inherited)",
					"$(DEVELOPER_FRAMEWORKS_DIR)",
				);
				GCC_PRECOMPILE_PREFIX_HEADER = YES;
				GCC_PREFIX_HEADER = "SingWithMe/SingWithMe-Prefix.pch";
				GCC_PREPROCESSOR_DEFINITIONS = (
					"DEBUG=1",
					"$(inherited)",
				);
				INFOPLIST_FILE = "SingWithMeTests/SingWithMeTests-Info.plist";
				PRODUCT_NAME = "$(TARGET_NAME)";
				TEST_HOST = "$(BUNDLE_LOADER)";
				WRAPPER_EXTENSION = xctest;
			};
			name = Debug;
		};
		56DF3A2618F06FBA0031061B /* Release */ = {
			isa = XCBuildConfiguration;
			buildSettings = {
				ARCHS = "$(ARCHS_STANDARD_INCLUDING_64_BIT)";
				BUNDLE_LOADER = "$(BUILT_PRODUCTS_DIR)/SingWithMe.app/SingWithMe";
				FRAMEWORK_SEARCH_PATHS = (
					"$(SDKROOT)/Developer/Library/Frameworks",
					"$(inherited)",
					"$(DEVELOPER_FRAMEWORKS_DIR)",
				);
				GCC_PRECOMPILE_PREFIX_HEADER = YES;
				GCC_PREFIX_HEADER = "SingWithMe/SingWithMe-Prefix.pch";
				INFOPLIST_FILE = "SingWithMeTests/SingWithMeTests-Info.plist";
				PRODUCT_NAME = "$(TARGET_NAME)";
				TEST_HOST = "$(BUNDLE_LOADER)";
				WRAPPER_EXTENSION = xctest;
			};
			name = Release;
		};
/* End XCBuildConfiguration section */

/* Begin XCConfigurationList section */
		56DF39EA18F06FB90031061B /* Build configuration list for PBXProject "SingWithMe" */ = {
			isa = XCConfigurationList;
			buildConfigurations = (
				56DF3A1F18F06FBA0031061B /* Debug */,
				56DF3A2018F06FBA0031061B /* Release */,
			);
			defaultConfigurationIsVisible = 0;
			defaultConfigurationName = Release;
		};
		56DF3A2118F06FBA0031061B /* Build configuration list for PBXNativeTarget "SingWithMe" */ = {
			isa = XCConfigurationList;
			buildConfigurations = (
				56DF3A2218F06FBA0031061B /* Debug */,
				56DF3A2318F06FBA0031061B /* Release */,
			);
			defaultConfigurationIsVisible = 0;
			defaultConfigurationName = Release;
		};
		56DF3A2418F06FBA0031061B /* Build configuration list for PBXNativeTarget "SingWithMeTests" */ = {
			isa = XCConfigurationList;
			buildConfigurations = (
				56DF3A2518F06FBA0031061B /* Debug */,
				56DF3A2618F06FBA0031061B /* Release */,
			);
			defaultConfigurationIsVisible = 0;
			defaultConfigurationName = Release;
		};
/* End XCConfigurationList section */
	};
	rootObject = 56DF39E718F06FB90031061B /* Project object */;
}
